
Microsoft Visual Studio Solution File, Format Version 12.00
# Visual Studio Version 18
VisualStudioVersion = 18.4.11620.152 stable
MinimumVisualStudioVersion = 10.0.40219.1
Project("{FAE04EC0-301F-11D3-BF4B-00C04F79EFBC}") = "ClickToTranslate", "ClickToTranslate.csproj", "{92DF53E3-16CB-4370-E439-7F65C226F7A8}"
EndProject
Global
	GlobalSection(SolutionConfigurationPlatforms) = preSolution
		Debug|Any CPU = Debug|Any CPU
		Release|Any CPU = Release|Any CPU
	EndGlobalSection
	GlobalSection(ProjectConfigurationPlatforms) = postSolution
		{92DF53E3-16CB-4370-E439-7F65C226F7A8}.Debug|Any CPU.ActiveCfg = Debug|Any CPU
		{92DF53E3-16CB-4370-E439-7F65C226F7A8}.Debug|Any CPU.Build.0 = Debug|Any CPU
		{92DF53E3-16CB-4370-E439-7F65C226F7A8}.Release|Any CPU.ActiveCfg = Release|Any CPU
		{92DF53E3-16CB-4370-E439-7F65C226F7A8}.Release|Any CPU.Build.0 = Release|Any CPU
	EndGlobalSection
	GlobalSection(SolutionProperties) = preSolution
		HideSolutionNode = FALSE
	EndGlobalSection
	GlobalSection(ExtensibilityGlobals) = postSolution
		SolutionGuid = {A0C2FCB6-EFFD-4D0A-96F8-591D86481568}
	EndGlobalSection
EndGlobal
